// !$*UTF8*$!
{
	archiveVersion = 1;
	classes = {
	};
	objectVersion = 48;
	objects = {

/* Begin PBXBuildFile section */
		4110DE8F7DD847BF64A0C2BB /* libPods-JYLocalizedExample.a in Frameworks */ = {isa = PBXBuildFile; fileRef = B68FF1C3FA3E8934659EFB4D /* libPods-JYLocalizedExample.a */; };
		B11B2EAD1F7A3D9300D352B7 /* Main.storyboard in Resources */ = {isa = PBXBuildFile; fileRef = B11B2EAB1F7A3D9300D352B7 /* Main.storyboard */; };
		B11B2EAF1F7A3D9300D352B7 /* Assets.xcassets in Resources */ = {isa = PBXBuildFile; fileRef = B11B2EAE1F7A3D9300D352B7 /* Assets.xcassets */; };
		B11B2EB21F7A3D9300D352B7 /* LaunchScreen.storyboard in Resources */ = {isa = PBXBuildFile; fileRef = B11B2EB01F7A3D9300D352B7 /* LaunchScreen.storyboard */; };
		B11B2EB51F7A3D9300D352B7 /* main.m in Sources */ = {isa = PBXBuildFile; fileRef = B11B2EB41F7A3D9300D352B7 /* main.m */; };
		B11B2ECF1F7A83C200D352B7 /* JYTabBarManager.m in Sources */ = {isa = PBXBuildFile; fileRef = B11B2EC71F7A83C100D352B7 /* JYTabBarManager.m */; };
		B1411DED1F7E53F1005BFDD1 /* UIViewController+JYHUD.m in Sources */ = {isa = PBXBuildFile; fileRef = B1411DEC1F7E53F1005BFDD1 /* UIViewController+JYHUD.m */; };
		B16EA4611F8D3BB000956451 /* pop_background_normal.png in Resources */ = {isa = PBXBuildFile; fileRef = B16EA4631F8D3BB000956451 /* pop_background_normal.png */; };
		B1742B3F1F8DE90A00A24664 /* JYContentView.m in Sources */ = {isa = PBXBuildFile; fileRef = B1742B3E1F8DE90A00A24664 /* JYContentView.m */; };
		B1742B411F8DE91900A24664 /* JYContentView.xib in Resources */ = {isa = PBXBuildFile; fileRef = B1742B401F8DE91900A24664 /* JYContentView.xib */; };
		B1742B441F8E073B00A24664 /* Localizable.strings in Resources */ = {isa = PBXBuildFile; fileRef = B1742B461F8E073B00A24664 /* Localizable.strings */; };
		B18BAE5E1F7E257500E859BA /* mineConfig.json in Resources */ = {isa = PBXBuildFile; fileRef = B18BAE601F7E257500E859BA /* mineConfig.json */; };
		B18BAE661F7E25DA00E859BA /* languageList.json in Resources */ = {isa = PBXBuildFile; fileRef = B18BAE651F7E25DA00E859BA /* languageList.json */; };
		B18EB0CB1F7B87E800DF31E1 /* JYNavigationController.m in Sources */ = {isa = PBXBuildFile; fileRef = B18EB0C41F7B87E700DF31E1 /* JYNavigationController.m */; };
		B18EB0CC1F7B87E800DF31E1 /* JYLanguageViewController.m in Sources */ = {isa = PBXBuildFile; fileRef = B18EB0C81F7B87E700DF31E1 /* JYLanguageViewController.m */; };
		B18EB0CF1F7B890D00DF31E1 /* JYHomeViewController.m in Sources */ = {isa = PBXBuildFile; fileRef = B18EB0CE1F7B890D00DF31E1 /* JYHomeViewController.m */; };
		B18EB0D21F7B891D00DF31E1 /* JYFeedsViewController.m in Sources */ = {isa = PBXBuildFile; fileRef = B18EB0D11F7B891D00DF31E1 /* JYFeedsViewController.m */; };
		B18EB0D51F7B892C00DF31E1 /* JYMessageViewController.m in Sources */ = {isa = PBXBuildFile; fileRef = B18EB0D41F7B892C00DF31E1 /* JYMessageViewController.m */; };
		B18EB0DF1F7B910000DF31E1 /* JYMineViewController.m in Sources */ = {isa = PBXBuildFile; fileRef = B18EB0DE1F7B90FF00DF31E1 /* JYMineViewController.m */; };
		B18EB0E41F7B912400DF31E1 /* AppDelegate.m in Sources */ = {isa = PBXBuildFile; fileRef = B18EB0E31F7B912400DF31E1 /* AppDelegate.m */; };
		B1E12A3F1F8B1E620025335B /* JYPopView.m in Sources */ = {isa = PBXBuildFile; fileRef = B1E12A271F8B1E620025335B /* JYPopView.m */; };
		B1E12A401F8B1E620025335B /* JYTabBarPlusButton.m in Sources */ = {isa = PBXBuildFile; fileRef = B1E12A291F8B1E620025335B /* JYTabBarPlusButton.m */; };
		B1E12A431F8B1E620025335B /* JYMineHeaderView.m in Sources */ = {isa = PBXBuildFile; fileRef = B1E12A3A1F8B1E620025335B /* JYMineHeaderView.m */; };
		B1E12A441F8B1E620025335B /* JYMineHeaderView.xib in Resources */ = {isa = PBXBuildFile; fileRef = B1E12A3B1F8B1E620025335B /* JYMineHeaderView.xib */; };
		B1E12A481F8B205F0025335B /* JYBaseViewController.m in Sources */ = {isa = PBXBuildFile; fileRef = B1E12A471F8B205F0025335B /* JYBaseViewController.m */; };
		B1E12A521F8B212D0025335B /* JYCellModel.m in Sources */ = {isa = PBXBuildFile; fileRef = B1E12A4F1F8B212D0025335B /* JYCellModel.m */; };
		B1E12A591F8B216C0025335B /* JYTableViewCell.m in Sources */ = {isa = PBXBuildFile; fileRef = B1E12A561F8B216C0025335B /* JYTableViewCell.m */; };
		B1E12A5A1F8B216C0025335B /* JYTableViewCell.xib in Resources */ = {isa = PBXBuildFile; fileRef = B1E12A571F8B216C0025335B /* JYTableViewCell.xib */; };
		B1FA2B381F971F7600E25211 /* NSBundle+JYLocalized.m in Sources */ = {isa = PBXBuildFile; fileRef = B1FA2B371F971F7600E25211 /* NSBundle+JYLocalized.m */; };
/* End PBXBuildFile section */

/* Begin PBXFileReference section */
		9C1120B9F2B146938B5BFA4B /* Pods-JYLocalizedExample.debug.xcconfig */ = {isa = PBXFileReference; includeInIndex = 1; lastKnownFileType = text.xcconfig; name = "Pods-JYLocalizedExample.debug.xcconfig"; path = "Pods/Target Support Files/Pods-JYLocalizedExample/Pods-JYLocalizedExample.debug.xcconfig"; sourceTree = "<group>"; };
		B11B2EA21F7A3D9300D352B7 /* JYLocalizedExample.app */ = {isa = PBXFileReference; explicitFileType = wrapper.application; includeInIndex = 0; path = JYLocalizedExample.app; sourceTree = BUILT_PRODUCTS_DIR; };
		B11B2EAC1F7A3D9300D352B7 /* Base */ = {isa = PBXFileReference; lastKnownFileType = file.storyboard; name = Base; path = Base.lproj/Main.storyboard; sourceTree = "<group>"; };
		B11B2EAE1F7A3D9300D352B7 /* Assets.xcassets */ = {isa = PBXFileReference; lastKnownFileType = folder.assetcatalog; path = Assets.xcassets; sourceTree = "<group>"; };
		B11B2EB11F7A3D9300D352B7 /* Base */ = {isa = PBXFileReference; lastKnownFileType = file.storyboard; name = Base; path = Base.lproj/LaunchScreen.storyboard; sourceTree = "<group>"; };
		B11B2EB31F7A3D9300D352B7 /* Info.plist */ = {isa = PBXFileReference; lastKnownFileType = text.plist.xml; path = Info.plist; sourceTree = "<group>"; };
		B11B2EB41F7A3D9300D352B7 /* main.m */ = {isa = PBXFileReference; lastKnownFileType = sourcecode.c.objc; path = main.m; sourceTree = "<group>"; };
		B11B2EC61F7A83C100D352B7 /* JYTabBarManager.h */ = {isa = PBXFileReference; fileEncoding = 4; lastKnownFileType = sourcecode.c.h; path = JYTabBarManager.h; sourceTree = "<group>"; };
		B11B2EC71F7A83C100D352B7 /* JYTabBarManager.m */ = {isa = PBXFileReference; fileEncoding = 4; lastKnownFileType = sourcecode.c.objc; path = JYTabBarManager.m; sourceTree = "<group>"; };
		B11B2ED31F7B4ED600D352B7 /* JYMacro.h */ = {isa = PBXFileReference; fileEncoding = 4; lastKnownFileType = sourcecode.c.h; path = JYMacro.h; sourceTree = "<group>"; };
		B11B2ED41F7B530D00D352B7 /* zh-Hans */ = {isa = PBXFileReference; lastKnownFileType = text.plist.strings; name = "zh-Hans"; path = "zh-Hans.lproj/Main.strings"; sourceTree = "<group>"; };
		B11B2ED51F7B530E00D352B7 /* zh-Hans */ = {isa = PBXFileReference; lastKnownFileType = text.plist.strings; name = "zh-Hans"; path = "zh-Hans.lproj/LaunchScreen.strings"; sourceTree = "<group>"; };
		B11B2ED61F7B531900D352B7 /* zh-Hant */ = {isa = PBXFileReference; lastKnownFileType = text.plist.strings; name = "zh-Hant"; path = "zh-Hant.lproj/Main.strings"; sourceTree = "<group>"; };
		B11B2ED71F7B531900D352B7 /* zh-Hant */ = {isa = PBXFileReference; lastKnownFileType = text.plist.strings; name = "zh-Hant"; path = "zh-Hant.lproj/LaunchScreen.strings"; sourceTree = "<group>"; };
		B11B2ED81F7B532100D352B7 /* ja */ = {isa = PBXFileReference; lastKnownFileType = text.plist.strings; name = ja; path = ja.lproj/Main.strings; sourceTree = "<group>"; };
		B11B2ED91F7B532200D352B7 /* ja */ = {isa = PBXFileReference; lastKnownFileType = text.plist.strings; name = ja; path = ja.lproj/LaunchScreen.strings; sourceTree = "<group>"; };
		B1411DEB1F7E53F1005BFDD1 /* UIViewController+JYHUD.h */ = {isa = PBXFileReference; lastKnownFileType = sourcecode.c.h; path = "UIViewController+JYHUD.h"; sourceTree = "<group>"; };
		B1411DEC1F7E53F1005BFDD1 /* UIViewController+JYHUD.m */ = {isa = PBXFileReference; lastKnownFileType = sourcecode.c.objc; path = "UIViewController+JYHUD.m"; sourceTree = "<group>"; };
		B16EA4621F8D3BB000956451 /* Base */ = {isa = PBXFileReference; lastKnownFileType = image.png; name = Base; path = Base.lproj/pop_background_normal.png; sourceTree = "<group>"; };
		B16EA4641F8D3BB200956451 /* en */ = {isa = PBXFileReference; lastKnownFileType = image.png; name = en; path = en.lproj/pop_background_normal.png; sourceTree = "<group>"; };
		B16EA4651F8D3BB300956451 /* zh-Hans */ = {isa = PBXFileReference; lastKnownFileType = image.png; name = "zh-Hans"; path = "zh-Hans.lproj/pop_background_normal.png"; sourceTree = "<group>"; };
		B16EA4661F8D3BB500956451 /* zh-Hant */ = {isa = PBXFileReference; lastKnownFileType = image.png; name = "zh-Hant"; path = "zh-Hant.lproj/pop_background_normal.png"; sourceTree = "<group>"; };
		B16EA4671F8D3BB600956451 /* ja */ = {isa = PBXFileReference; lastKnownFileType = image.png; name = ja; path = ja.lproj/pop_background_normal.png; sourceTree = "<group>"; };
		B1742B3D1F8DE90A00A24664 /* JYContentView.h */ = {isa = PBXFileReference; lastKnownFileType = sourcecode.c.h; path = JYContentView.h; sourceTree = "<group>"; };
		B1742B3E1F8DE90A00A24664 /* JYContentView.m */ = {isa = PBXFileReference; lastKnownFileType = sourcecode.c.objc; path = JYContentView.m; sourceTree = "<group>"; };
		B1742B401F8DE91900A24664 /* JYContentView.xib */ = {isa = PBXFileReference; lastKnownFileType = file.xib; path = JYContentView.xib; sourceTree = "<group>"; };
		B1742B451F8E073B00A24664 /* en */ = {isa = PBXFileReference; lastKnownFileType = text.plist.strings; name = en; path = en.lproj/Localizable.strings; sourceTree = "<group>"; };
		B1742B471F8E073D00A24664 /* zh-Hans */ = {isa = PBXFileReference; lastKnownFileType = text.plist.strings; name = "zh-Hans"; path = "zh-Hans.lproj/Localizable.strings"; sourceTree = "<group>"; };
		B1742B481F8E073E00A24664 /* zh-Hant */ = {isa = PBXFileReference; lastKnownFileType = text.plist.strings; name = "zh-Hant"; path = "zh-Hant.lproj/Localizable.strings"; sourceTree = "<group>"; };
		B1742B491F8E073F00A24664 /* ja */ = {isa = PBXFileReference; lastKnownFileType = text.plist.strings; name = ja; path = ja.lproj/Localizable.strings; sourceTree = "<group>"; };
		B1742B4A1F8E07D400A24664 /* Base */ = {isa = PBXFileReference; lastKnownFileType = text.plist.strings; name = Base; path = Base.lproj/Localizable.strings; sourceTree = "<group>"; };
		B18BAE5F1F7E257500E859BA /* Base */ = {isa = PBXFileReference; lastKnownFileType = text.json; name = Base; path = Base.lproj/mineConfig.json; sourceTree = "<group>"; };
		B18BAE611F7E257600E859BA /* en */ = {isa = PBXFileReference; lastKnownFileType = text.json; name = en; path = en.lproj/mineConfig.json; sourceTree = "<group>"; };
		B18BAE621F7E257700E859BA /* zh-Hans */ = {isa = PBXFileReference; lastKnownFileType = text.json; name = "zh-Hans"; path = "zh-Hans.lproj/mineConfig.json"; sourceTree = "<group>"; };
		B18BAE631F7E258000E859BA /* zh-Hant */ = {isa = PBXFileReference; lastKnownFileType = text.json; name = "zh-Hant"; path = "zh-Hant.lproj/mineConfig.json"; sourceTree = "<group>"; };
		B18BAE641F7E258100E859BA /* ja */ = {isa = PBXFileReference; lastKnownFileType = text.json; name = ja; path = ja.lproj/mineConfig.json; sourceTree = "<group>"; };
		B18BAE651F7E25DA00E859BA /* languageList.json */ = {isa = PBXFileReference; fileEncoding = 4; lastKnownFileType = text.json; path = languageList.json; sourceTree = "<group>"; };
		B18EB0B81F7B763900DF31E1 /* PrefixHeader.pch */ = {isa = PBXFileReference; fileEncoding = 4; lastKnownFileType = sourcecode.c.h; path = PrefixHeader.pch; sourceTree = "<group>"; };
		B18EB0C31F7B87E700DF31E1 /* JYNavigationController.h */ = {isa = PBXFileReference; fileEncoding = 4; lastKnownFileType = sourcecode.c.h; path = JYNavigationController.h; sourceTree = "<group>"; };
		B18EB0C41F7B87E700DF31E1 /* JYNavigationController.m */ = {isa = PBXFileReference; fileEncoding = 4; lastKnownFileType = sourcecode.c.objc; path = JYNavigationController.m; sourceTree = "<group>"; };
		B18EB0C71F7B87E700DF31E1 /* JYLanguageViewController.h */ = {isa = PBXFileReference; fileEncoding = 4; lastKnownFileType = sourcecode.c.h; path = JYLanguageViewController.h; sourceTree = "<group>"; };
		B18EB0C81F7B87E700DF31E1 /* JYLanguageViewController.m */ = {isa = PBXFileReference; fileEncoding = 4; lastKnownFileType = sourcecode.c.objc; path = JYLanguageViewController.m; sourceTree = "<group>"; };
		B18EB0CD1F7B890D00DF31E1 /* JYHomeViewController.h */ = {isa = PBXFileReference; lastKnownFileType = sourcecode.c.h; path = JYHomeViewController.h; sourceTree = "<group>"; };
		B18EB0CE1F7B890D00DF31E1 /* JYHomeViewController.m */ = {isa = PBXFileReference; lastKnownFileType = sourcecode.c.objc; path = JYHomeViewController.m; sourceTree = "<group>"; };
		B18EB0D01F7B891D00DF31E1 /* JYFeedsViewController.h */ = {isa = PBXFileReference; lastKnownFileType = sourcecode.c.h; path = JYFeedsViewController.h; sourceTree = "<group>"; };
		B18EB0D11F7B891D00DF31E1 /* JYFeedsViewController.m */ = {isa = PBXFileReference; lastKnownFileType = sourcecode.c.objc; path = JYFeedsViewController.m; sourceTree = "<group>"; };
		B18EB0D31F7B892C00DF31E1 /* JYMessageViewController.h */ = {isa = PBXFileReference; lastKnownFileType = sourcecode.c.h; path = JYMessageViewController.h; sourceTree = "<group>"; };
		B18EB0D41F7B892C00DF31E1 /* JYMessageViewController.m */ = {isa = PBXFileReference; lastKnownFileType = sourcecode.c.objc; path = JYMessageViewController.m; sourceTree = "<group>"; };
		B18EB0DD1F7B90FF00DF31E1 /* JYMineViewController.h */ = {isa = PBXFileReference; fileEncoding = 4; lastKnownFileType = sourcecode.c.h; path = JYMineViewController.h; sourceTree = "<group>"; };
		B18EB0DE1F7B90FF00DF31E1 /* JYMineViewController.m */ = {isa = PBXFileReference; fileEncoding = 4; lastKnownFileType = sourcecode.c.objc; path = JYMineViewController.m; sourceTree = "<group>"; };
		B18EB0E21F7B912400DF31E1 /* AppDelegate.h */ = {isa = PBXFileReference; fileEncoding = 4; lastKnownFileType = sourcecode.c.h; path = AppDelegate.h; sourceTree = "<group>"; };
		B18EB0E31F7B912400DF31E1 /* AppDelegate.m */ = {isa = PBXFileReference; fileEncoding = 4; lastKnownFileType = sourcecode.c.objc; path = AppDelegate.m; sourceTree = "<group>"; };
		B1E12A261F8B1E620025335B /* JYPopView.h */ = {isa = PBXFileReference; fileEncoding = 4; lastKnownFileType = sourcecode.c.h; path = JYPopView.h; sourceTree = "<group>"; };
		B1E12A271F8B1E620025335B /* JYPopView.m */ = {isa = PBXFileReference; fileEncoding = 4; lastKnownFileType = sourcecode.c.objc; path = JYPopView.m; sourceTree = "<group>"; };
		B1E12A281F8B1E620025335B /* JYTabBarPlusButton.h */ = {isa = PBXFileReference; fileEncoding = 4; lastKnownFileType = sourcecode.c.h; path = JYTabBarPlusButton.h; sourceTree = "<group>"; };
		B1E12A291F8B1E620025335B /* JYTabBarPlusButton.m */ = {isa = PBXFileReference; fileEncoding = 4; lastKnownFileType = sourcecode.c.objc; path = JYTabBarPlusButton.m; sourceTree = "<group>"; };
		B1E12A391F8B1E620025335B /* JYMineHeaderView.h */ = {isa = PBXFileReference; fileEncoding = 4; lastKnownFileType = sourcecode.c.h; path = JYMineHeaderView.h; sourceTree = "<group>"; };
		B1E12A3A1F8B1E620025335B /* JYMineHeaderView.m */ = {isa = PBXFileReference; fileEncoding = 4; lastKnownFileType = sourcecode.c.objc; path = JYMineHeaderView.m; sourceTree = "<group>"; };
		B1E12A3B1F8B1E620025335B /* JYMineHeaderView.xib */ = {isa = PBXFileReference; fileEncoding = 4; lastKnownFileType = file.xib; path = JYMineHeaderView.xib; sourceTree = "<group>"; };
		B1E12A461F8B205F0025335B /* JYBaseViewController.h */ = {isa = PBXFileReference; fileEncoding = 4; lastKnownFileType = sourcecode.c.h; path = JYBaseViewController.h; sourceTree = "<group>"; };
		B1E12A471F8B205F0025335B /* JYBaseViewController.m */ = {isa = PBXFileReference; fileEncoding = 4; lastKnownFileType = sourcecode.c.objc; path = JYBaseViewController.m; sourceTree = "<group>"; };
		B1E12A4E1F8B212D0025335B /* JYCellModel.h */ = {isa = PBXFileReference; fileEncoding = 4; lastKnownFileType = sourcecode.c.h; path = JYCellModel.h; sourceTree = "<group>"; };
		B1E12A4F1F8B212D0025335B /* JYCellModel.m */ = {isa = PBXFileReference; fileEncoding = 4; lastKnownFileType = sourcecode.c.objc; path = JYCellModel.m; sourceTree = "<group>"; };
		B1E12A551F8B216C0025335B /* JYTableViewCell.h */ = {isa = PBXFileReference; fileEncoding = 4; lastKnownFileType = sourcecode.c.h; path = JYTableViewCell.h; sourceTree = "<group>"; };
		B1E12A561F8B216C0025335B /* JYTableViewCell.m */ = {isa = PBXFileReference; fileEncoding = 4; lastKnownFileType = sourcecode.c.objc; path = JYTableViewCell.m; sourceTree = "<group>"; };
		B1E12A571F8B216C0025335B /* JYTableViewCell.xib */ = {isa = PBXFileReference; fileEncoding = 4; lastKnownFileType = file.xib; path = JYTableViewCell.xib; sourceTree = "<group>"; };
		B1FA2B361F971F7600E25211 /* NSBundle+JYLocalized.h */ = {isa = PBXFileReference; lastKnownFileType = sourcecode.c.h; path = "NSBundle+JYLocalized.h"; sourceTree = "<group>"; };
		B1FA2B371F971F7600E25211 /* NSBundle+JYLocalized.m */ = {isa = PBXFileReference; lastKnownFileType = sourcecode.c.objc; path = "NSBundle+JYLocalized.m"; sourceTree = "<group>"; };
		B68FF1C3FA3E8934659EFB4D /* libPods-JYLocalizedExample.a */ = {isa = PBXFileReference; explicitFileType = archive.ar; includeInIndex = 0; path = "libPods-JYLocalizedExample.a"; sourceTree = BUILT_PRODUCTS_DIR; };
		F9E2C97B08B67CECC0144FAD /* Pods-JYLocalizedExample.release.xcconfig */ = {isa = PBXFileReference; includeInIndex = 1; lastKnownFileType = text.xcconfig; name = "Pods-JYLocalizedExample.release.xcconfig"; path = "Pods/Target Support Files/Pods-JYLocalizedExample/Pods-JYLocalizedExample.release.xcconfig"; sourceTree = "<group>"; };
/* End PBXFileReference section */

/* Begin PBXFrameworksBuildPhase section */
		B11B2E9F1F7A3D9300D352B7 /* Frameworks */ = {
			isa = PBXFrameworksBuildPhase;
			buildActionMask = 2147483647;
			files = (
				4110DE8F7DD847BF64A0C2BB /* libPods-JYLocalizedExample.a in Frameworks */,
			);
			runOnlyForDeploymentPostprocessing = 0;
		};
/* End PBXFrameworksBuildPhase section */

/* Begin PBXGroup section */
		7C52F037EAD64B2BFACB1F22 /* Pods */ = {
			isa = PBXGroup;
			children = (
				9C1120B9F2B146938B5BFA4B /* Pods-JYLocalizedExample.debug.xcconfig */,
				F9E2C97B08B67CECC0144FAD /* Pods-JYLocalizedExample.release.xcconfig */,
			);
			name = Pods;
			sourceTree = "<group>";
		};
		8ECE80E4A08BAB705885BD8A /* Frameworks */ = {
			isa = PBXGroup;
			children = (
				B68FF1C3FA3E8934659EFB4D /* libPods-JYLocalizedExample.a */,
			);
			name = Frameworks;
			sourceTree = "<group>";
		};
		B11B2E991F7A3D9300D352B7 = {
			isa = PBXGroup;
			children = (
				B11B2EA41F7A3D9300D352B7 /* JYLocalizedExample */,
				B11B2EA31F7A3D9300D352B7 /* Products */,
				7C52F037EAD64B2BFACB1F22 /* Pods */,
				8ECE80E4A08BAB705885BD8A /* Frameworks */,
			);
			sourceTree = "<group>";
		};
		B11B2EA31F7A3D9300D352B7 /* Products */ = {
			isa = PBXGroup;
			children = (
				B11B2EA21F7A3D9300D352B7 /* JYLocalizedExample.app */,
			);
			name = Products;
			sourceTree = "<group>";
		};
		B11B2EA41F7A3D9300D352B7 /* JYLocalizedExample */ = {
			isa = PBXGroup;
			children = (
				B11B2EBB1F7A3E2700D352B7 /* JYLocalized */,
				B18EB0E11F7B912400DF31E1 /* AppDelegate */,
				B11B2EC81F7A83C100D352B7 /* ViewControllers */,
				B11B2ECA1F7A83C200D352B7 /* Views */,
				B11B2EC91F7A83C200D352B7 /* Models */,
				B11B2EC51F7A83C100D352B7 /* Manager */,
				B11B2ED21F7B4ED600D352B7 /* Marcos */,
				B1411DE71F7E539B005BFDD1 /* Categories */,
				B18EB0E51F7B91B500DF31E1 /* Utils */,
				B18EB0E01F7B912400DF31E1 /* Resources */,
				B11B2EAE1F7A3D9300D352B7 /* Assets.xcassets */,
				B1742B461F8E073B00A24664 /* Localizable.strings */,
				B11B2EAB1F7A3D9300D352B7 /* Main.storyboard */,
				B11B2EB01F7A3D9300D352B7 /* LaunchScreen.storyboard */,
				B11B2EB31F7A3D9300D352B7 /* Info.plist */,
				B11B2EB41F7A3D9300D352B7 /* main.m */,
				B18EB0B81F7B763900DF31E1 /* PrefixHeader.pch */,
			);
			path = JYLocalizedExample;
			sourceTree = "<group>";
		};
		B11B2EBB1F7A3E2700D352B7 /* JYLocalized */ = {
			isa = PBXGroup;
			children = (
				B1FA2B361F971F7600E25211 /* NSBundle+JYLocalized.h */,
				B1FA2B371F971F7600E25211 /* NSBundle+JYLocalized.m */,
			);
			path = JYLocalized;
			sourceTree = "<group>";
		};
		B11B2EC51F7A83C100D352B7 /* Manager */ = {
			isa = PBXGroup;
			children = (
				B11B2EC61F7A83C100D352B7 /* JYTabBarManager.h */,
				B11B2EC71F7A83C100D352B7 /* JYTabBarManager.m */,
			);
			path = Manager;
			sourceTree = "<group>";
		};
		B11B2EC81F7A83C100D352B7 /* ViewControllers */ = {
			isa = PBXGroup;
			children = (
				B1E12A451F8B205F0025335B /* Base */,
				B18EB0C61F7B87E700DF31E1 /* Language */,
				B18EB0C21F7B87E700DF31E1 /* Navigation */,
				B18EB0CA1F7B87E700DF31E1 /* Home */,
				B18EB0C91F7B87E700DF31E1 /* Feeds */,
				B18EB0C51F7B87E700DF31E1 /* Message */,
				B18EB0DC1F7B90FF00DF31E1 /* Mine */,
			);
			path = ViewControllers;
			sourceTree = "<group>";
		};
		B11B2EC91F7A83C200D352B7 /* Models */ = {
			isa = PBXGroup;
			children = (
				B1E12A4D1F8B212D0025335B /* Base */,
				B1E12A511F8B212D0025335B /* Feeds */,
				B1E12A491F8B212C0025335B /* Home */,
				B1E12A4A1F8B212C0025335B /* Language */,
				B1E12A4B1F8B212C0025335B /* Message */,
				B1E12A501F8B212D0025335B /* Mine */,
				B1E12A4C1F8B212D0025335B /* Navigation */,
			);
			path = Models;
			sourceTree = "<group>";
		};
		B11B2ECA1F7A83C200D352B7 /* Views */ = {
			isa = PBXGroup;
			children = (
				B1E12A531F8B216C0025335B /* Base */,
				B1E12A231F8B1E620025335B /* Navigation */,
				B1E12A301F8B1E620025335B /* Home */,
				B1E12A3C1F8B1E620025335B /* Feeds */,
				B1E12A2A1F8B1E620025335B /* Message */,
				B1E12A331F8B1E620025335B /* Mine */,
				B1E12A2D1F8B1E620025335B /* Language */,
			);
			path = Views;
			sourceTree = "<group>";
		};
		B11B2ED21F7B4ED600D352B7 /* Marcos */ = {
			isa = PBXGroup;
			children = (
				B11B2ED31F7B4ED600D352B7 /* JYMacro.h */,
			);
			path = Marcos;
			sourceTree = "<group>";
		};
		B1411DE71F7E539B005BFDD1 /* Categories */ = {
			isa = PBXGroup;
			children = (
				B1411DEB1F7E53F1005BFDD1 /* UIViewController+JYHUD.h */,
				B1411DEC1F7E53F1005BFDD1 /* UIViewController+JYHUD.m */,
			);
			path = Categories;
			sourceTree = "<group>";
		};
		B18BAE5B1F7E244E00E859BA /* Config */ = {
			isa = PBXGroup;
			children = (
				B16EA4631F8D3BB000956451 /* pop_background_normal.png */,
				B18BAE651F7E25DA00E859BA /* languageList.json */,
				B18BAE601F7E257500E859BA /* mineConfig.json */,
			);
			path = Config;
			sourceTree = "<group>";
		};
		B18EB0C21F7B87E700DF31E1 /* Navigation */ = {
			isa = PBXGroup;
			children = (
				B18EB0C31F7B87E700DF31E1 /* JYNavigationController.h */,
				B18EB0C41F7B87E700DF31E1 /* JYNavigationController.m */,
			);
			path = Navigation;
			sourceTree = "<group>";
		};
		B18EB0C51F7B87E700DF31E1 /* Message */ = {
			isa = PBXGroup;
			children = (
				B18EB0D31F7B892C00DF31E1 /* JYMessageViewController.h */,
				B18EB0D41F7B892C00DF31E1 /* JYMessageViewController.m */,
			);
			path = Message;
			sourceTree = "<group>";
		};
		B18EB0C61F7B87E700DF31E1 /* Language */ = {
			isa = PBXGroup;
			children = (
				B18EB0C71F7B87E700DF31E1 /* JYLanguageViewController.h */,
				B18EB0C81F7B87E700DF31E1 /* JYLanguageViewController.m */,
			);
			path = Language;
			sourceTree = "<group>";
		};
		B18EB0C91F7B87E700DF31E1 /* Feeds */ = {
			isa = PBXGroup;
			children = (
				B18EB0D01F7B891D00DF31E1 /* JYFeedsViewController.h */,
				B18EB0D11F7B891D00DF31E1 /* JYFeedsViewController.m */,
			);
			path = Feeds;
			sourceTree = "<group>";
		};
		B18EB0CA1F7B87E700DF31E1 /* Home */ = {
			isa = PBXGroup;
			children = (
				B18EB0CD1F7B890D00DF31E1 /* JYHomeViewController.h */,
				B18EB0CE1F7B890D00DF31E1 /* JYHomeViewController.m */,
			);
			path = Home;
			sourceTree = "<group>";
		};
		B18EB0DC1F7B90FF00DF31E1 /* Mine */ = {
			isa = PBXGroup;
			children = (
				B18EB0DD1F7B90FF00DF31E1 /* JYMineViewController.h */,
				B18EB0DE1F7B90FF00DF31E1 /* JYMineViewController.m */,
			);
			path = Mine;
			sourceTree = "<group>";
		};
		B18EB0E01F7B912400DF31E1 /* Resources */ = {
			isa = PBXGroup;
			children = (
				B18BAE5B1F7E244E00E859BA /* Config */,
			);
			path = Resources;
			sourceTree = "<group>";
		};
		B18EB0E11F7B912400DF31E1 /* AppDelegate */ = {
			isa = PBXGroup;
			children = (
				B18EB0E21F7B912400DF31E1 /* AppDelegate.h */,
				B18EB0E31F7B912400DF31E1 /* AppDelegate.m */,
			);
			path = AppDelegate;
			sourceTree = "<group>";
		};
		B18EB0E51F7B91B500DF31E1 /* Utils */ = {
			isa = PBXGroup;
			children = (
			);
			path = Utils;
			sourceTree = "<group>";
		};
		B1E12A231F8B1E620025335B /* Navigation */ = {
			isa = PBXGroup;
			children = (
				B1E12A241F8B1E620025335B /* Cell */,
				B1E12A251F8B1E620025335B /* View */,
			);
			path = Navigation;
			sourceTree = "<group>";
		};
		B1E12A241F8B1E620025335B /* Cell */ = {
			isa = PBXGroup;
			children = (
			);
			path = Cell;
			sourceTree = "<group>";
		};
		B1E12A251F8B1E620025335B /* View */ = {
			isa = PBXGroup;
			children = (
				B1E12A261F8B1E620025335B /* JYPopView.h */,
				B1E12A271F8B1E620025335B /* JYPopView.m */,
				B1E12A281F8B1E620025335B /* JYTabBarPlusButton.h */,
				B1E12A291F8B1E620025335B /* JYTabBarPlusButton.m */,
			);
			path = View;
			sourceTree = "<group>";
		};
		B1E12A2A1F8B1E620025335B /* Message */ = {
			isa = PBXGroup;
			children = (
				B1E12A2B1F8B1E620025335B /* Cell */,
				B1E12A2C1F8B1E620025335B /* View */,
			);
			path = Message;
			sourceTree = "<group>";
		};
		B1E12A2B1F8B1E620025335B /* Cell */ = {
			isa = PBXGroup;
			children = (
			);
			path = Cell;
			sourceTree = "<group>";
		};
		B1E12A2C1F8B1E620025335B /* View */ = {
			isa = PBXGroup;
			children = (
			);
			path = View;
			sourceTree = "<group>";
		};
		B1E12A2D1F8B1E620025335B /* Language */ = {
			isa = PBXGroup;
			children = (
				B1E12A2E1F8B1E620025335B /* Cell */,
				B1E12A2F1F8B1E620025335B /* View */,
			);
			path = Language;
			sourceTree = "<group>";
		};
		B1E12A2E1F8B1E620025335B /* Cell */ = {
			isa = PBXGroup;
			children = (
			);
			path = Cell;
			sourceTree = "<group>";
		};
		B1E12A2F1F8B1E620025335B /* View */ = {
			isa = PBXGroup;
			children = (
			);
			path = View;
			sourceTree = "<group>";
		};
		B1E12A301F8B1E620025335B /* Home */ = {
			isa = PBXGroup;
			children = (
				B1E12A311F8B1E620025335B /* Cell */,
				B1E12A321F8B1E620025335B /* View */,
			);
			path = Home;
			sourceTree = "<group>";
		};
		B1E12A311F8B1E620025335B /* Cell */ = {
			isa = PBXGroup;
			children = (
			);
			path = Cell;
			sourceTree = "<group>";
		};
		B1E12A321F8B1E620025335B /* View */ = {
			isa = PBXGroup;
			children = (
			);
			path = View;
			sourceTree = "<group>";
		};
		B1E12A331F8B1E620025335B /* Mine */ = {
			isa = PBXGroup;
			children = (
				B1E12A341F8B1E620025335B /* Cell */,
				B1E12A381F8B1E620025335B /* View */,
			);
			path = Mine;
			sourceTree = "<group>";
		};
		B1E12A341F8B1E620025335B /* Cell */ = {
			isa = PBXGroup;
			children = (
			);
			path = Cell;
			sourceTree = "<group>";
		};
		B1E12A381F8B1E620025335B /* View */ = {
			isa = PBXGroup;
			children = (
				B1E12A391F8B1E620025335B /* JYMineHeaderView.h */,
				B1E12A3A1F8B1E620025335B /* JYMineHeaderView.m */,
				B1E12A3B1F8B1E620025335B /* JYMineHeaderView.xib */,
			);
			path = View;
			sourceTree = "<group>";
		};
		B1E12A3C1F8B1E620025335B /* Feeds */ = {
			isa = PBXGroup;
			children = (
				B1E12A3D1F8B1E620025335B /* Cell */,
				B1E12A3E1F8B1E620025335B /* View */,
			);
			path = Feeds;
			sourceTree = "<group>";
		};
		B1E12A3D1F8B1E620025335B /* Cell */ = {
			isa = PBXGroup;
			children = (
			);
			path = Cell;
			sourceTree = "<group>";
		};
		B1E12A3E1F8B1E620025335B /* View */ = {
			isa = PBXGroup;
			children = (
			);
			path = View;
			sourceTree = "<group>";
		};
		B1E12A451F8B205F0025335B /* Base */ = {
			isa = PBXGroup;
			children = (
				B1E12A461F8B205F0025335B /* JYBaseViewController.h */,
				B1E12A471F8B205F0025335B /* JYBaseViewController.m */,
			);
			path = Base;
			sourceTree = "<group>";
		};
		B1E12A491F8B212C0025335B /* Home */ = {
			isa = PBXGroup;
			children = (
			);
			path = Home;
			sourceTree = "<group>";
		};
		B1E12A4A1F8B212C0025335B /* Language */ = {
			isa = PBXGroup;
			children = (
			);
			path = Language;
			sourceTree = "<group>";
		};
		B1E12A4B1F8B212C0025335B /* Message */ = {
			isa = PBXGroup;
			children = (
			);
			path = Message;
			sourceTree = "<group>";
		};
		B1E12A4C1F8B212D0025335B /* Navigation */ = {
			isa = PBXGroup;
			children = (
			);
			path = Navigation;
			sourceTree = "<group>";
		};
		B1E12A4D1F8B212D0025335B /* Base */ = {
			isa = PBXGroup;
			children = (
				B1E12A4E1F8B212D0025335B /* JYCellModel.h */,
				B1E12A4F1F8B212D0025335B /* JYCellModel.m */,
			);
			path = Base;
			sourceTree = "<group>";
		};
		B1E12A501F8B212D0025335B /* Mine */ = {
			isa = PBXGroup;
			children = (
			);
			path = Mine;
			sourceTree = "<group>";
		};
		B1E12A511F8B212D0025335B /* Feeds */ = {
			isa = PBXGroup;
			children = (
			);
			path = Feeds;
			sourceTree = "<group>";
		};
		B1E12A531F8B216C0025335B /* Base */ = {
			isa = PBXGroup;
			children = (
				B1E12A541F8B216C0025335B /* Cell */,
				B1E12A581F8B216C0025335B /* View */,
			);
			path = Base;
			sourceTree = "<group>";
		};
		B1E12A541F8B216C0025335B /* Cell */ = {
			isa = PBXGroup;
			children = (
				B1E12A551F8B216C0025335B /* JYTableViewCell.h */,
				B1E12A561F8B216C0025335B /* JYTableViewCell.m */,
				B1E12A571F8B216C0025335B /* JYTableViewCell.xib */,
			);
			path = Cell;
			sourceTree = "<group>";
		};
		B1E12A581F8B216C0025335B /* View */ = {
			isa = PBXGroup;
			children = (
				B1742B3D1F8DE90A00A24664 /* JYContentView.h */,
				B1742B3E1F8DE90A00A24664 /* JYContentView.m */,
				B1742B401F8DE91900A24664 /* JYContentView.xib */,
			);
			path = View;
			sourceTree = "<group>";
		};
/* End PBXGroup section */

/* Begin PBXNativeTarget section */
		B11B2EA11F7A3D9300D352B7 /* JYLocalizedExample */ = {
			isa = PBXNativeTarget;
			buildConfigurationList = B11B2EB81F7A3D9300D352B7 /* Build configuration list for PBXNativeTarget "JYLocalizedExample" */;
			buildPhases = (
				F248EEB84E3BD0BC3D2800E6 /* [CP] Check Pods Manifest.lock */,
				B11B2E9E1F7A3D9300D352B7 /* Sources */,
				B11B2E9F1F7A3D9300D352B7 /* Frameworks */,
				B11B2EA01F7A3D9300D352B7 /* Resources */,
				9F0FD07160775CAE1ED9A616 /* [CP] Embed Pods Frameworks */,
				F67B9C4E2EBBEEEA40CD24BC /* [CP] Copy Pods Resources */,
			);
			buildRules = (
			);
			dependencies = (
			);
			name = JYLocalizedExample;
			productName = JYLocalizedExample;
			productReference = B11B2EA21F7A3D9300D352B7 /* JYLocalizedExample.app */;
			productType = "com.apple.product-type.application";
		};
/* End PBXNativeTarget section */

/* Begin PBXProject section */
		B11B2E9A1F7A3D9300D352B7 /* Project object */ = {
			isa = PBXProject;
			attributes = {
				LastUpgradeCheck = 0900;
				ORGANIZATIONNAME = "Job-Yang";
				TargetAttributes = {
					B11B2EA11F7A3D9300D352B7 = {
						CreatedOnToolsVersion = 9.0;
						ProvisioningStyle = Automatic;
					};
				};
			};
			buildConfigurationList = B11B2E9D1F7A3D9300D352B7 /* Build configuration list for PBXProject "JYLocalizedExample" */;
			compatibilityVersion = "Xcode 8.0";
			developmentRegion = en;
			hasScannedForEncodings = 0;
			knownRegions = (
				en,
				Base,
				"zh-Hans",
				"zh-Hant",
				ja,
			);
			mainGroup = B11B2E991F7A3D9300D352B7;
			productRefGroup = B11B2EA31F7A3D9300D352B7 /* Products */;
			projectDirPath = "";
			projectRoot = "";
			targets = (
				B11B2EA11F7A3D9300D352B7 /* JYLocalizedExample */,
			);
		};
/* End PBXProject section */

/* Begin PBXResourcesBuildPhase section */
		B11B2EA01F7A3D9300D352B7 /* Resources */ = {
			isa = PBXResourcesBuildPhase;
			buildActionMask = 2147483647;
			files = (
				B11B2EB21F7A3D9300D352B7 /* LaunchScreen.storyboard in Resources */,
				B11B2EAF1F7A3D9300D352B7 /* Assets.xcassets in Resources */,
				B1742B411F8DE91900A24664 /* JYContentView.xib in Resources */,
				B16EA4611F8D3BB000956451 /* pop_background_normal.png in Resources */,
				B18BAE5E1F7E257500E859BA /* mineConfig.json in Resources */,
				B1742B441F8E073B00A24664 /* Localizable.strings in Resources */,
				B11B2EAD1F7A3D9300D352B7 /* Main.storyboard in Resources */,
				B1E12A5A1F8B216C0025335B /* JYTableViewCell.xib in Resources */,
				B1E12A441F8B1E620025335B /* JYMineHeaderView.xib in Resources */,
				B18BAE661F7E25DA00E859BA /* languageList.json in Resources */,
			);
			runOnlyForDeploymentPostprocessing = 0;
		};
/* End PBXResourcesBuildPhase section */

/* Begin PBXShellScriptBuildPhase section */
		9F0FD07160775CAE1ED9A616 /* [CP] Embed Pods Frameworks */ = {
			isa = PBXShellScriptBuildPhase;
			buildActionMask = 2147483647;
			files = (
			);
			inputPaths = (
			);
			name = "[CP] Embed Pods Frameworks";
			outputPaths = (
			);
			runOnlyForDeploymentPostprocessing = 0;
			shellPath = /bin/sh;
			shellScript = "\"${SRCROOT}/Pods/Target Support Files/Pods-JYLocalizedExample/Pods-JYLocalizedExample-frameworks.sh\"\n";
			showEnvVarsInLog = 0;
		};
		F248EEB84E3BD0BC3D2800E6 /* [CP] Check Pods Manifest.lock */ = {
			isa = PBXShellScriptBuildPhase;
			buildActionMask = 2147483647;
			files = (
			);
			inputPaths = (
				"${PODS_PODFILE_DIR_PATH}/Podfile.lock",
				"${PODS_ROOT}/Manifest.lock",
			);
			name = "[CP] Check Pods Manifest.lock";
			outputPaths = (
				"$(DERIVED_FILE_DIR)/Pods-JYLocalizedExample-checkManifestLockResult.txt",
			);
			runOnlyForDeploymentPostprocessing = 0;
			shellPath = /bin/sh;
			shellScript = "diff \"${PODS_PODFILE_DIR_PATH}/Podfile.lock\" \"${PODS_ROOT}/Manifest.lock\" > /dev/null\nif [ $? != 0 ] ; then\n    # print error to STDERR\n    echo \"error: The sandbox is not in sync with the Podfile.lock. Run 'pod install' or update your CocoaPods installation.\" >&2\n    exit 1\nfi\n# This output is used by Xcode 'outputs' to avoid re-running this script phase.\necho \"SUCCESS\" > \"${SCRIPT_OUTPUT_FILE_0}\"\n";
			showEnvVarsInLog = 0;
		};
		F67B9C4E2EBBEEEA40CD24BC /* [CP] Copy Pods Resources */ = {
			isa = PBXShellScriptBuildPhase;
			buildActionMask = 2147483647;
			files = (
			);
			inputPaths = (
			);
			name = "[CP] Copy Pods Resources";
			outputPaths = (
			);
			runOnlyForDeploymentPostprocessing = 0;
			shellPath = /bin/sh;
			shellScript = "\"${SRCROOT}/Pods/Target Support Files/Pods-JYLocalizedExample/Pods-JYLocalizedExample-resources.sh\"\n";
			showEnvVarsInLog = 0;
		};
/* End PBXShellScriptBuildPhase section */

/* Begin PBXSourcesBuildPhase section */
		B11B2E9E1F7A3D9300D352B7 /* Sources */ = {
			isa = PBXSourcesBuildPhase;
			buildActionMask = 2147483647;
			files = (
				B1E12A591F8B216C0025335B /* JYTableViewCell.m in Sources */,
				B18EB0DF1F7B910000DF31E1 /* JYMineViewController.m in Sources */,
				B18EB0D21F7B891D00DF31E1 /* JYFeedsViewController.m in Sources */,
				B18EB0CF1F7B890D00DF31E1 /* JYHomeViewController.m in Sources */,
				B1742B3F1F8DE90A00A24664 /* JYContentView.m in Sources */,
				B18EB0CC1F7B87E800DF31E1 /* JYLanguageViewController.m in Sources */,
				B18EB0E41F7B912400DF31E1 /* AppDelegate.m in Sources */,
				B11B2EB51F7A3D9300D352B7 /* main.m in Sources */,
				B18EB0CB1F7B87E800DF31E1 /* JYNavigationController.m in Sources */,
				B1E12A431F8B1E620025335B /* JYMineHeaderView.m in Sources */,
				B1E12A521F8B212D0025335B /* JYCellModel.m in Sources */,
				B1FA2B381F971F7600E25211 /* NSBundle+JYLocalized.m in Sources */,
				B18EB0D51F7B892C00DF31E1 /* JYMessageViewController.m in Sources */,
				B1E12A481F8B205F0025335B /* JYBaseViewController.m in Sources */,
				B1E12A401F8B1E620025335B /* JYTabBarPlusButton.m in Sources */,
				B1E12A3F1F8B1E620025335B /* JYPopView.m in Sources */,
				B11B2ECF1F7A83C200D352B7 /* JYTabBarManager.m in Sources */,
				B1411DED1F7E53F1005BFDD1 /* UIViewController+JYHUD.m in Sources */,
			);
			runOnlyForDeploymentPostprocessing = 0;
		};
/* End PBXSourcesBuildPhase section */

/* Begin PBXVariantGroup section */
		B11B2EAB1F7A3D9300D352B7 /* Main.storyboard */ = {
			isa = PBXVariantGroup;
			children = (
				B11B2EAC1F7A3D9300D352B7 /* Base */,
				B11B2ED41F7B530D00D352B7 /* zh-Hans */,
				B11B2ED61F7B531900D352B7 /* zh-Hant */,
				B11B2ED81F7B532100D352B7 /* ja */,
			);
			name = Main.storyboard;
			sourceTree = "<group>";
		};
		B11B2EB01F7A3D9300D352B7 /* LaunchScreen.storyboard */ = {
			isa = PBXVariantGroup;
			children = (
				B11B2EB11F7A3D9300D352B7 /* Base */,
				B11B2ED51F7B530E00D352B7 /* zh-Hans */,
				B11B2ED71F7B531900D352B7 /* zh-Hant */,
				B11B2ED91F7B532200D352B7 /* ja */,
			);
			name = LaunchScreen.storyboard;
			sourceTree = "<group>";
		};
		B16EA4631F8D3BB000956451 /* pop_background_normal.png */ = {
			isa = PBXVariantGroup;
			children = (
				B16EA4621F8D3BB000956451 /* Base */,
				B16EA4641F8D3BB200956451 /* en */,
				B16EA4651F8D3BB300956451 /* zh-Hans */,
				B16EA4661F8D3BB500956451 /* zh-Hant */,
				B16EA4671F8D3BB600956451 /* ja */,
			);
			name = pop_background_normal.png;
			sourceTree = "<group>";
		};
		B1742B461F8E073B00A24664 /* Localizable.strings */ = {
			isa = PBXVariantGroup;
			children = (
				B1742B451F8E073B00A24664 /* en */,
				B1742B471F8E073D00A24664 /* zh-Hans */,
				B1742B481F8E073E00A24664 /* zh-Hant */,
				B1742B491F8E073F00A24664 /* ja */,
				B1742B4A1F8E07D400A24664 /* Base */,
			);
			name = Localizable.strings;
			sourceTree = "<group>";
		};
		B18BAE601F7E257500E859BA /* mineConfig.json */ = {
			isa = PBXVariantGroup;
			children = (
				B18BAE5F1F7E257500E859BA /* Base */,
				B18BAE611F7E257600E859BA /* en */,
				B18BAE621F7E257700E859BA /* zh-Hans */,
				B18BAE631F7E258000E859BA /* zh-Hant */,
				B18BAE641F7E258100E859BA /* ja */,
			);
			name = mineConfig.json;
			sourceTree = "<group>";
		};
/* End PBXVariantGroup section */

/* Begin XCBuildConfiguration section */
		B11B2EB61F7A3D9300D352B7 /* Debug */ = {
			isa = XCBuildConfiguration;
			buildSettings = {
				ALWAYS_SEARCH_USER_PATHS = NO;
				CLANG_ANALYZER_LOCALIZABILITY_NONLOCALIZED = YES;
				CLANG_ANALYZER_NONNULL = YES;
				CLANG_ANALYZER_NUMBER_OBJECT_CONVERSION = YES_AGGRESSIVE;
				CLANG_CXX_LANGUAGE_STANDARD = "gnu++14";
				CLANG_CXX_LIBRARY = "libc++";
				CLANG_ENABLE_MODULES = YES;
				CLANG_ENABLE_OBJC_ARC = YES;
				CLANG_WARN_BLOCK_CAPTURE_AUTORELEASING = YES;
				CLANG_WARN_BOOL_CONVERSION = YES;
				CLANG_WARN_COMMA = YES;
				CLANG_WARN_CONSTANT_CONVERSION = YES;
				CLANG_WARN_DIRECT_OBJC_ISA_USAGE = YES_ERROR;
				CLANG_WARN_DOCUMENTATION_COMMENTS = YES;
				CLANG_WARN_EMPTY_BODY = YES;
				CLANG_WARN_ENUM_CONVERSION = YES;
				CLANG_WARN_INFINITE_RECURSION = YES;
				CLANG_WARN_INT_CONVERSION = YES;
				CLANG_WARN_NON_LITERAL_NULL_CONVERSION = YES;
				CLANG_WARN_OBJC_LITERAL_CONVERSION = YES;
				CLANG_WARN_OBJC_ROOT_CLASS = YES_ERROR;
				CLANG_WARN_RANGE_LOOP_ANALYSIS = YES;
				CLANG_WARN_STRICT_PROTOTYPES = YES;
				CLANG_WARN_SUSPICIOUS_MOVE = YES;
				CLANG_WARN_UNGUARDED_AVAILABILITY = YES_AGGRESSIVE;
				CLANG_WARN_UNREACHABLE_CODE = YES;
				CLANG_WARN__DUPLICATE_METHOD_MATCH = YES;
				CODE_SIGN_IDENTITY = "iPhone Developer";
				COPY_PHASE_STRIP = NO;
				DEBUG_INFORMATION_FORMAT = dwarf;
				ENABLE_STRICT_OBJC_MSGSEND = YES;
				ENABLE_TESTABILITY = YES;
				GCC_C_LANGUAGE_STANDARD = gnu11;
				GCC_DYNAMIC_NO_PIC = NO;
				GCC_NO_COMMON_BLOCKS = YES;
				GCC_OPTIMIZATION_LEVEL = 0;
				GCC_PREFIX_HEADER = "$(SRCROOT)/JYLocalizedExample/PrefixHeader.pch";
				GCC_PREPROCESSOR_DEFINITIONS = (
					"DEBUG=1",
					"$(inherited)",
				);
				GCC_WARN_64_TO_32_BIT_CONVERSION = YES;
				GCC_WARN_ABOUT_RETURN_TYPE = YES_ERROR;
				GCC_WARN_UNDECLARED_SELECTOR = YES;
				GCC_WARN_UNINITIALIZED_AUTOS = YES_AGGRESSIVE;
				GCC_WARN_UNUSED_FUNCTION = YES;
				GCC_WARN_UNUSED_VARIABLE = YES;
				IPHONEOS_DEPLOYMENT_TARGET = 11.0;
				MTL_ENABLE_DEBUG_INFO = YES;
				ONLY_ACTIVE_ARCH = YES;
				SDKROOT = iphoneos;
			};
			name = Debug;
		};
		B11B2EB71F7A3D9300D352B7 /* Release */ = {
			isa = XCBuildConfiguration;
			buildSettings = {
				ALWAYS_SEARCH_USER_PATHS = NO;
				CLANG_ANALYZER_LOCALIZABILITY_NONLOCALIZED = YES;
				CLANG_ANALYZER_NONNULL = YES;
				CLANG_ANALYZER_NUMBER_OBJECT_CONVERSION = YES_AGGRESSIVE;
				CLANG_CXX_LANGUAGE_STANDARD = "gnu++14";
				CLANG_CXX_LIBRARY = "libc++";
				CLANG_ENABLE_MODULES = YES;
				CLANG_ENABLE_OBJC_ARC = YES;
				CLANG_WARN_BLOCK_CAPTURE_AUTORELEASING = YES;
				CLANG_WARN_BOOL_CONVERSION = YES;
				CLANG_WARN_COMMA = YES;
				CLANG_WARN_CONSTANT_CONVERSION = YES;
				CLANG_WARN_DIRECT_OBJC_ISA_USAGE = YES_ERROR;
				CLANG_WARN_DOCUMENTATION_COMMENTS = YES;
				CLANG_WARN_EMPTY_BODY = YES;
				CLANG_WARN_ENUM_CONVERSION = YES;
				CLANG_WARN_INFINITE_RECURSION = YES;
				CLANG_WARN_INT_CONVERSION = YES;
				CLANG_WARN_NON_LITERAL_NULL_CONVERSION = YES;
				CLANG_WARN_OBJC_LITERAL_CONVERSION = YES;
				CLANG_WARN_OBJC_ROOT_CLASS = YES_ERROR;
				CLANG_WARN_RANGE_LOOP_ANALYSIS = YES;
				CLANG_WARN_STRICT_PROTOTYPES = YES;
				CLANG_WARN_SUSPICIOUS_MOVE = YES;
				CLANG_WARN_UNGUARDED_AVAILABILITY = YES_AGGRESSIVE;
				CLANG_WARN_UNREACHABLE_CODE = YES;
				CLANG_WARN__DUPLICATE_METHOD_MATCH = YES;
				CODE_SIGN_IDENTITY = "iPhone Developer";
				COPY_PHASE_STRIP = NO;
				DEBUG_INFORMATION_FORMAT = "dwarf-with-dsym";
				ENABLE_NS_ASSERTIONS = NO;
				ENABLE_STRICT_OBJC_MSGSEND = YES;
				GCC_C_LANGUAGE_STANDARD = gnu11;
				GCC_NO_COMMON_BLOCKS = YES;
				GCC_PREFIX_HEADER = "$(SRCROOT)/JYLocalizedExample/PrefixHeader.pch";
				GCC_WARN_64_TO_32_BIT_CONVERSION = YES;
				GCC_WARN_ABOUT_RETURN_TYPE = YES_ERROR;
				GCC_WARN_UNDECLARED_SELECTOR = YES;
				GCC_WARN_UNINITIALIZED_AUTOS = YES_AGGRESSIVE;
				GCC_WARN_UNUSED_FUNCTION = YES;
				GCC_WARN_UNUSED_VARIABLE = YES;
				IPHONEOS_DEPLOYMENT_TARGET = 11.0;
				MTL_ENABLE_DEBUG_INFO = NO;
				SDKROOT = iphoneos;
				VALIDATE_PRODUCT = YES;
			};
			name = Release;
		};
		B11B2EB91F7A3D9300D352B7 /* Debug */ = {
			isa = XCBuildConfiguration;
			baseConfigurationReference = 9C1120B9F2B146938B5BFA4B /* Pods-JYLocalizedExample.debug.xcconfig */;
			buildSettings = {
				ASSETCATALOG_COMPILER_APPICON_NAME = AppIcon;
				CODE_SIGN_STYLE = Automatic;
				INFOPLIST_FILE = JYLocalizedExample/Info.plist;
				LD_RUNPATH_SEARCH_PATHS = "$(inherited) @executable_path/Frameworks";
				PRODUCT_BUNDLE_IDENTIFIER = "Job-Yang.JYLocalizedExample";
				PRODUCT_NAME = "$(TARGET_NAME)";
				TARGETED_DEVICE_FAMILY = "1,2";
			};
			name = Debug;
		};
		B11B2EBA1F7A3D9300D352B7 /* Release */ = {
			isa = XCBuildConfiguration;
			baseConfigurationReference = F9E2C97B08B67CECC0144FAD /* Pods-JYLocalizedExample.release.xcconfig */;
			buildSettings = {
				ASSETCATALOG_COMPILER_APPICON_NAME = AppIcon;
				CODE_SIGN_STYLE = Automatic;
				INFOPLIST_FILE = JYLocalizedExample/Info.plist;
				LD_RUNPATH_SEARCH_PATHS = "$(inherited) @executable_path/Frameworks";
				PRODUCT_BUNDLE_IDENTIFIER = "Job-Yang.JYLocalizedExample";
				PRODUCT_NAME = "$(TARGET_NAME)";
				TARGETED_DEVICE_FAMILY = "1,2";
			};
			name = Release;
		};
/* End XCBuildConfiguration section */

/* Begin XCConfigurationList section */
		B11B2E9D1F7A3D9300D352B7 /* Build configuration list for PBXProject "JYLocalizedExample" */ = {
			isa = XCConfigurationList;
			buildConfigurations = (
				B11B2EB61F7A3D9300D352B7 /* Debug */,
				B11B2EB71F7A3D9300D352B7 /* Release */,
			);
			defaultConfigurationIsVisible = 0;
			defaultConfigurationName = Release;
		};
		B11B2EB81F7A3D9300D352B7 /* Build configuration list for PBXNativeTarget "JYLocalizedExample" */ = {
			isa = XCConfigurationList;
			buildConfigurations = (
				B11B2EB91F7A3D9300D352B7 /* Debug */,
				B11B2EBA1F7A3D9300D352B7 /* Release */,
			);
			defaultConfigurationIsVisible = 0;
			defaultConfigurationName = Release;
		};
/* End XCConfigurationList section */
	};
	rootObject = B11B2E9A1F7A3D9300D352B7 /* Project object */;
}
