PODS:
  - CYLTabBarController (1.14.1)
  - JYRouter (2.0)
  - pop (1.0.10)
  - YYModel (1.0.4)

DEPENDENCIES:
  - CYLTabBarController
  - JYRouter
  - pop
  - YYModel

SPEC CHECKSUMS:
  CYLTabBarController: ec44b6e44166d9869fa649ce22bc728d107ecafc
  JYRouter: d406f65329ab620a82e7ddad99860687b4a48bfb
  pop: 82ca6b068ce9278fd350fd9dd09482a0ce9492e6
  YYModel: 2a7fdd96aaa4b86a824e26d0c517de8928c04b30

PODFILE CHECKSUM: d2545e386b841f1ac695cc7cf5cd017609e4d306

COCOAPODS: 1.3.1
